
Microsoft Visual Studio Solution File, Format Version 12.00
# Visual Studio 14
VisualStudioVersion = 14.0.25123.0
MinimumVisualStudioVersion = 10.0.40219.1
Project("{6465C21F-24DE-4417-96F3-2DB81CB402A1}") = "Sitecore.Support.93391", "Sitecore.Support.93391\Sitecore.Support.93391.csproj", "{57D4171A-8EE1-4539-92C8-5EA87274AA0A}"
EndProject
Global
	GlobalSection(SolutionConfigurationPlatforms) = preSolution
		Debug|Any CPU = Debug|Any CPU
		Release|Any CPU = Release|Any CPU
	EndGlobalSection
	GlobalSection(ProjectConfigurationPlatforms) = postSolution
		{57D4171A-8EE1-4539-92C8-5EA87274AA0A}.Debug|Any CPU.ActiveCfg = Debug|Any CPU
		{57D4171A-8EE1-4539-92C8-5EA87274AA0A}.Debug|Any CPU.Build.0 = Debug|Any CPU
		{57D4171A-8EE1-4539-92C8-5EA87274AA0A}.Release|Any CPU.ActiveCfg = Release|Any CPU
		{57D4171A-8EE1-4539-92C8-5EA87274AA0A}.Release|Any CPU.Build.0 = Release|Any CPU
	EndGlobalSection
	GlobalSection(SolutionProperties) = preSolution
		HideSolutionNode = FALSE
	EndGlobalSection
EndGlobal
